
Microsoft Visual Studio Solution File, Format Version 12.00
# Visual Studio Version 16
VisualStudioVersion = 16.0.29025.244
MinimumVisualStudioVersion = 10.0.40219.1
Project("{FAE04EC0-301F-11D3-BF4B-00C04F79EFBC}") = "WPFTaskbarNotifierExample", "WPFTaskbarNotifierExample\WPFTaskbarNotifierExample.csproj", "{2CAAE824-BB9A-4D4E-80CC-79DED1BE5642}"
EndProject
Project("{FAE04EC0-301F-11D3-BF4B-00C04F79EFBC}") = "WPFTaskbarNotifier", "WPFTaskbarNotifier\WPFTaskbarNotifier.csproj", "{C807F74B-9C21-4A9F-8A60-C7D7AF7BCBBA}"
EndProject
Global
	GlobalSection(SolutionConfigurationPlatforms) = preSolution
		Debug|Any CPU = Debug|Any CPU
		Debug|x86 = Debug|x86
		Release|Any CPU = Release|Any CPU
		Release|x86 = Release|x86
	EndGlobalSection
	GlobalSection(ProjectConfigurationPlatforms) = postSolution
		{2CAAE824-BB9A-4D4E-80CC-79DED1BE5642}.Debug|Any CPU.ActiveCfg = Debug|Any CPU
		{2CAAE824-BB9A-4D4E-80CC-79DED1BE5642}.Debug|Any CPU.Build.0 = Debug|Any CPU
		{2CAAE824-BB9A-4D4E-80CC-79DED1BE5642}.Debug|x86.ActiveCfg = Debug|Any CPU
		{2CAAE824-BB9A-4D4E-80CC-79DED1BE5642}.Debug|x86.Build.0 = Debug|Any CPU
		{2CAAE824-BB9A-4D4E-80CC-79DED1BE5642}.Release|Any CPU.ActiveCfg = Release|Any CPU
		{2CAAE824-BB9A-4D4E-80CC-79DED1BE5642}.Release|Any CPU.Build.0 = Release|Any CPU
		{2CAAE824-BB9A-4D4E-80CC-79DED1BE5642}.Release|x86.ActiveCfg = Release|Any CPU
		{2CAAE824-BB9A-4D4E-80CC-79DED1BE5642}.Release|x86.Build.0 = Release|Any CPU
		{C807F74B-9C21-4A9F-8A60-C7D7AF7BCBBA}.Debug|Any CPU.ActiveCfg = Debug|Any CPU
		{C807F74B-9C21-4A9F-8A60-C7D7AF7BCBBA}.Debug|Any CPU.Build.0 = Debug|Any CPU
		{C807F74B-9C21-4A9F-8A60-C7D7AF7BCBBA}.Debug|x86.ActiveCfg = Debug|Any CPU
		{C807F74B-9C21-4A9F-8A60-C7D7AF7BCBBA}.Debug|x86.Build.0 = Debug|Any CPU
		{C807F74B-9C21-4A9F-8A60-C7D7AF7BCBBA}.Release|Any CPU.ActiveCfg = Release|Any CPU
		{C807F74B-9C21-4A9F-8A60-C7D7AF7BCBBA}.Release|Any CPU.Build.0 = Release|Any CPU
		{C807F74B-9C21-4A9F-8A60-C7D7AF7BCBBA}.Release|x86.ActiveCfg = Release|Any CPU
		{C807F74B-9C21-4A9F-8A60-C7D7AF7BCBBA}.Release|x86.Build.0 = Release|Any CPU
	EndGlobalSection
	GlobalSection(SolutionProperties) = preSolution
		HideSolutionNode = FALSE
	EndGlobalSection
	GlobalSection(ExtensibilityGlobals) = postSolution
		SolutionGuid = {5C863EF5-0484-4E8E-B953-8A77157EE693}
	EndGlobalSection
EndGlobal
